// !$*UTF8*$!
{
	archiveVersion = 1;
	classes = {
	};
	objectVersion = 46;
	objects = {

/* Begin PBXBuildFile section */
		54139C50F4F6851606260702 /* Pods.framework in Frameworks */ = {isa = PBXBuildFile; fileRef = A55578DBB8A3395A0A274297 /* Pods.framework */; };
		B83DA9A51C102F6300E66714 /* IFTTTCircleView.m in Sources */ = {isa = PBXBuildFile; fileRef = B83DA9A21C102F6300E66714 /* IFTTTCircleView.m */; };
		B83DA9A61C102F6300E66714 /* IFTTTJazzHandsViewController.m in Sources */ = {isa = PBXBuildFile; fileRef = B83DA9A41C102F6300E66714 /* IFTTTJazzHandsViewController.m */; };
		B83DA9A91C10340500E66714 /* IntroductionViewController.m in Sources */ = {isa = PBXBuildFile; fileRef = B83DA9A81C10340500E66714 /* IntroductionViewController.m */; };
		B83DA9AC1C10364B00E66714 /* UIView+Layout.m in Sources */ = {isa = PBXBuildFile; fileRef = B83DA9AB1C10364B00E66714 /* UIView+Layout.m */; };
		B83DA9B11C1042CA00E66714 /* LogInViewController.m in Sources */ = {isa = PBXBuildFile; fileRef = B83DA9B01C1042CA00E66714 /* LogInViewController.m */; };
		B8731D8F1C101E08007FDE06 /* main.m in Sources */ = {isa = PBXBuildFile; fileRef = B8731D8E1C101E08007FDE06 /* main.m */; };
		B8731D921C101E08007FDE06 /* AppDelegate.m in Sources */ = {isa = PBXBuildFile; fileRef = B8731D911C101E08007FDE06 /* AppDelegate.m */; };
		B8731D9A1C101E08007FDE06 /* Assets.xcassets in Resources */ = {isa = PBXBuildFile; fileRef = B8731D991C101E08007FDE06 /* Assets.xcassets */; };
		B8731D9D1C101E08007FDE06 /* LaunchScreen.storyboard in Resources */ = {isa = PBXBuildFile; fileRef = B8731D9B1C101E08007FDE06 /* LaunchScreen.storyboard */; };
		B8731DAD1C1027A5007FDE06 /* UIColor+expanded.m in Sources */ = {isa = PBXBuildFile; fileRef = B8731DAC1C1027A5007FDE06 /* UIColor+expanded.m */; };
		B8731DB11C1028B9007FDE06 /* UIImage+Common.m in Sources */ = {isa = PBXBuildFile; fileRef = B8731DB01C1028B9007FDE06 /* UIImage+Common.m */; };
		B87F5CB81C155106002C7EE8 /* LTTodoTabBarController.m in Sources */ = {isa = PBXBuildFile; fileRef = B87F5CB71C155106002C7EE8 /* LTTodoTabBarController.m */; };
		B87F5CBB1C1558B4002C7EE8 /* LTTodoAllStyleViewController.m in Sources */ = {isa = PBXBuildFile; fileRef = B87F5CBA1C1558B4002C7EE8 /* LTTodoAllStyleViewController.m */; };
		B87F5CBE1C1558C5002C7EE8 /* LTTodoCalenderStyleViewController.m in Sources */ = {isa = PBXBuildFile; fileRef = B87F5CBD1C1558C5002C7EE8 /* LTTodoCalenderStyleViewController.m */; };
		B87F5CC21C1558DA002C7EE8 /* LTTodoTypeStyleViewController.m in Sources */ = {isa = PBXBuildFile; fileRef = B87F5CC11C1558DA002C7EE8 /* LTTodoTypeStyleViewController.m */; };
		B87F5CC61C155AD3002C7EE8 /* LTGroupViewController.m in Sources */ = {isa = PBXBuildFile; fileRef = B87F5CC51C155AD3002C7EE8 /* LTGroupViewController.m */; };
		B87F5CCA1C155B01002C7EE8 /* LTDiscoverViewController.m in Sources */ = {isa = PBXBuildFile; fileRef = B87F5CC91C155B01002C7EE8 /* LTDiscoverViewController.m */; };
		B87F5CCE1C155B1C002C7EE8 /* LTMeViewController.m in Sources */ = {isa = PBXBuildFile; fileRef = B87F5CCD1C155B1C002C7EE8 /* LTMeViewController.m */; };
		B87F5CD21C156DFE002C7EE8 /* DWBubbleMenuButton.m in Sources */ = {isa = PBXBuildFile; fileRef = B87F5CD11C156DFE002C7EE8 /* DWBubbleMenuButton.m */; };
		B8802FFE1C114D9300F604BD /* LTLogInService.m in Sources */ = {isa = PBXBuildFile; fileRef = B8802FFD1C114D9300F604BD /* LTLogInService.m */; };
		B89770891C11933400EDC7B5 /* SignUpViewController.m in Sources */ = {isa = PBXBuildFile; fileRef = B89770881C11933400EDC7B5 /* SignUpViewController.m */; };
		B897708D1C11938300EDC7B5 /* LTSignUpService.m in Sources */ = {isa = PBXBuildFile; fileRef = B897708C1C11938300EDC7B5 /* LTSignUpService.m */; };
		B8A5CA8B1C1531C500F94D54 /* LTMainTabBarController.m in Sources */ = {isa = PBXBuildFile; fileRef = B8A5CA8A1C1531C500F94D54 /* LTMainTabBarController.m */; };
		B8C4E4151C15841E00536D57 /* JTCalendar.m in Sources */ = {isa = PBXBuildFile; fileRef = B8C4E3FF1C15841E00536D57 /* JTCalendar.m */; };
		B8C4E4161C15841E00536D57 /* JTCalendarAppearance.m in Sources */ = {isa = PBXBuildFile; fileRef = B8C4E4011C15841E00536D57 /* JTCalendarAppearance.m */; };
		B8C4E4171C15841E00536D57 /* JTCalendarContentView.m in Sources */ = {isa = PBXBuildFile; fileRef = B8C4E4031C15841E00536D57 /* JTCalendarContentView.m */; };
		B8C4E4181C15841E00536D57 /* JTCalendarDataCache.m in Sources */ = {isa = PBXBuildFile; fileRef = B8C4E4051C15841E00536D57 /* JTCalendarDataCache.m */; };
		B8C4E4191C15841E00536D57 /* JTCalendarDayView.m in Sources */ = {isa = PBXBuildFile; fileRef = B8C4E4071C15841E00536D57 /* JTCalendarDayView.m */; };
		B8C4E41A1C15841E00536D57 /* JTCalendarMenuMonthView.m in Sources */ = {isa = PBXBuildFile; fileRef = B8C4E4091C15841E00536D57 /* JTCalendarMenuMonthView.m */; };
		B8C4E41B1C15841E00536D57 /* JTCalendarMenuView.m in Sources */ = {isa = PBXBuildFile; fileRef = B8C4E40B1C15841E00536D57 /* JTCalendarMenuView.m */; };
		B8C4E41C1C15841E00536D57 /* JTCalendarMonthView.m in Sources */ = {isa = PBXBuildFile; fileRef = B8C4E40D1C15841E00536D57 /* JTCalendarMonthView.m */; };
		B8C4E41D1C15841E00536D57 /* JTCalendarMonthWeekDaysView.m in Sources */ = {isa = PBXBuildFile; fileRef = B8C4E40F1C15841E00536D57 /* JTCalendarMonthWeekDaysView.m */; };
		B8C4E41E1C15841E00536D57 /* JTCalendarWeekView.m in Sources */ = {isa = PBXBuildFile; fileRef = B8C4E4121C15841E00536D57 /* JTCalendarWeekView.m */; };
		B8C4E41F1C15841E00536D57 /* JTCircleView.m in Sources */ = {isa = PBXBuildFile; fileRef = B8C4E4141C15841E00536D57 /* JTCircleView.m */; };
		B8C4E4251C15859500536D57 /* ScheduleFootCell.m in Sources */ = {isa = PBXBuildFile; fileRef = B8C4E4221C15859500536D57 /* ScheduleFootCell.m */; };
		B8C4E4261C15859500536D57 /* ScheduleHeadCell.m in Sources */ = {isa = PBXBuildFile; fileRef = B8C4E4241C15859500536D57 /* ScheduleHeadCell.m */; };
		B8C4E4291C15860800536D57 /* ScheduleCell.m in Sources */ = {isa = PBXBuildFile; fileRef = B8C4E4281C15860800536D57 /* ScheduleCell.m */; };
		B8C4E43B1C158BF800536D57 /* LKAlarmEvent.m in Sources */ = {isa = PBXBuildFile; fileRef = B8C4E42D1C158BF800536D57 /* LKAlarmEvent.m */; };
		B8C4E43C1C158BF800536D57 /* LKAlarmMamager.m in Sources */ = {isa = PBXBuildFile; fileRef = B8C4E42F1C158BF800536D57 /* LKAlarmMamager.m */; };
		B8C4E43D1C158BF800536D57 /* LKDB+Mapping.m in Sources */ = {isa = PBXBuildFile; fileRef = B8C4E4321C158BF800536D57 /* LKDB+Mapping.m */; };
		B8C4E43E1C158BF800536D57 /* LKDBHelper.m in Sources */ = {isa = PBXBuildFile; fileRef = B8C4E4341C158BF800536D57 /* LKDBHelper.m */; };
		B8C4E43F1C158BF800536D57 /* LKDBUtils.m in Sources */ = {isa = PBXBuildFile; fileRef = B8C4E4361C158BF800536D57 /* LKDBUtils.m */; };
		B8C4E4401C158BF800536D57 /* NSObject+LKDBHelper.m in Sources */ = {isa = PBXBuildFile; fileRef = B8C4E4381C158BF800536D57 /* NSObject+LKDBHelper.m */; };
		B8C4E4411C158BF800536D57 /* NSObject+LKModel.m in Sources */ = {isa = PBXBuildFile; fileRef = B8C4E43A1C158BF800536D57 /* NSObject+LKModel.m */; };
		B8C4E4491C15A2A100536D57 /* XHPopMenu.m in Sources */ = {isa = PBXBuildFile; fileRef = B8C4E4441C15A2A100536D57 /* XHPopMenu.m */; };
		B8C4E44A1C15A2A100536D57 /* XHPopMenuItem.m in Sources */ = {isa = PBXBuildFile; fileRef = B8C4E4461C15A2A100536D57 /* XHPopMenuItem.m */; };
		B8C4E44B1C15A2A100536D57 /* XHPopMenuItemView.m in Sources */ = {isa = PBXBuildFile; fileRef = B8C4E4481C15A2A100536D57 /* XHPopMenuItemView.m */; };
/* End PBXBuildFile section */

/* Begin PBXFileReference section */
		8DEAB77422DEF8810F77280D /* Pods.release.xcconfig */ = {isa = PBXFileReference; includeInIndex = 1; lastKnownFileType = text.xcconfig; name = Pods.release.xcconfig; path = "Pods/Target Support Files/Pods/Pods.release.xcconfig"; sourceTree = "<group>"; };
		A55578DBB8A3395A0A274297 /* Pods.framework */ = {isa = PBXFileReference; explicitFileType = wrapper.framework; includeInIndex = 0; path = Pods.framework; sourceTree = BUILT_PRODUCTS_DIR; };
		B83DA9A11C102F6300E66714 /* IFTTTCircleView.h */ = {isa = PBXFileReference; fileEncoding = 4; lastKnownFileType = sourcecode.c.h; path = IFTTTCircleView.h; sourceTree = "<group>"; };
		B83DA9A21C102F6300E66714 /* IFTTTCircleView.m */ = {isa = PBXFileReference; fileEncoding = 4; lastKnownFileType = sourcecode.c.objc; path = IFTTTCircleView.m; sourceTree = "<group>"; };
		B83DA9A31C102F6300E66714 /* IFTTTJazzHandsViewController.h */ = {isa = PBXFileReference; fileEncoding = 4; lastKnownFileType = sourcecode.c.h; path = IFTTTJazzHandsViewController.h; sourceTree = "<group>"; };
		B83DA9A41C102F6300E66714 /* IFTTTJazzHandsViewController.m */ = {isa = PBXFileReference; fileEncoding = 4; lastKnownFileType = sourcecode.c.objc; path = IFTTTJazzHandsViewController.m; sourceTree = "<group>"; };
		B83DA9A71C10340500E66714 /* IntroductionViewController.h */ = {isa = PBXFileReference; fileEncoding = 4; lastKnownFileType = sourcecode.c.h; path = IntroductionViewController.h; sourceTree = "<group>"; };
		B83DA9A81C10340500E66714 /* IntroductionViewController.m */ = {isa = PBXFileReference; fileEncoding = 4; lastKnownFileType = sourcecode.c.objc; path = IntroductionViewController.m; sourceTree = "<group>"; };
		B83DA9AA1C10364B00E66714 /* UIView+Layout.h */ = {isa = PBXFileReference; fileEncoding = 4; lastKnownFileType = sourcecode.c.h; path = "UIView+Layout.h"; sourceTree = "<group>"; };
		B83DA9AB1C10364B00E66714 /* UIView+Layout.m */ = {isa = PBXFileReference; fileEncoding = 4; lastKnownFileType = sourcecode.c.objc; path = "UIView+Layout.m"; sourceTree = "<group>"; };
		B83DA9AF1C1042CA00E66714 /* LogInViewController.h */ = {isa = PBXFileReference; fileEncoding = 4; lastKnownFileType = sourcecode.c.h; path = LogInViewController.h; sourceTree = "<group>"; };
		B83DA9B01C1042CA00E66714 /* LogInViewController.m */ = {isa = PBXFileReference; fileEncoding = 4; lastKnownFileType = sourcecode.c.objc; path = LogInViewController.m; sourceTree = "<group>"; };
		B8731D8A1C101E08007FDE06 /* OhShock.app */ = {isa = PBXFileReference; explicitFileType = wrapper.application; includeInIndex = 0; path = OhShock.app; sourceTree = BUILT_PRODUCTS_DIR; };
		B8731D8E1C101E08007FDE06 /* main.m */ = {isa = PBXFileReference; lastKnownFileType = sourcecode.c.objc; path = main.m; sourceTree = "<group>"; };
		B8731D901C101E08007FDE06 /* AppDelegate.h */ = {isa = PBXFileReference; lastKnownFileType = sourcecode.c.h; path = AppDelegate.h; sourceTree = "<group>"; };
		B8731D911C101E08007FDE06 /* AppDelegate.m */ = {isa = PBXFileReference; lastKnownFileType = sourcecode.c.objc; path = AppDelegate.m; sourceTree = "<group>"; };
		B8731D991C101E08007FDE06 /* Assets.xcassets */ = {isa = PBXFileReference; lastKnownFileType = folder.assetcatalog; path = Assets.xcassets; sourceTree = "<group>"; };
		B8731D9C1C101E08007FDE06 /* Base */ = {isa = PBXFileReference; lastKnownFileType = file.storyboard; name = Base; path = Base.lproj/LaunchScreen.storyboard; sourceTree = "<group>"; };
		B8731D9E1C101E08007FDE06 /* Info.plist */ = {isa = PBXFileReference; lastKnownFileType = text.plist.xml; path = Info.plist; sourceTree = "<group>"; };
		B8731DAB1C1027A5007FDE06 /* UIColor+expanded.h */ = {isa = PBXFileReference; fileEncoding = 4; lastKnownFileType = sourcecode.c.h; path = "UIColor+expanded.h"; sourceTree = "<group>"; };
		B8731DAC1C1027A5007FDE06 /* UIColor+expanded.m */ = {isa = PBXFileReference; fileEncoding = 4; lastKnownFileType = sourcecode.c.objc; path = "UIColor+expanded.m"; sourceTree = "<group>"; };
		B8731DAF1C1028B9007FDE06 /* UIImage+Common.h */ = {isa = PBXFileReference; fileEncoding = 4; lastKnownFileType = sourcecode.c.h; path = "UIImage+Common.h"; sourceTree = "<group>"; };
		B8731DB01C1028B9007FDE06 /* UIImage+Common.m */ = {isa = PBXFileReference; fileEncoding = 4; lastKnownFileType = sourcecode.c.objc; path = "UIImage+Common.m"; sourceTree = "<group>"; };
		B8731DB21C10293D007FDE06 /* OhShockPrefix.pch */ = {isa = PBXFileReference; lastKnownFileType = sourcecode.c.h; path = OhShockPrefix.pch; sourceTree = "<group>"; };
		B87F5CB61C155106002C7EE8 /* LTTodoTabBarController.h */ = {isa = PBXFileReference; fileEncoding = 4; lastKnownFileType = sourcecode.c.h; path = LTTodoTabBarController.h; sourceTree = "<group>"; };
		B87F5CB71C155106002C7EE8 /* LTTodoTabBarController.m */ = {isa = PBXFileReference; fileEncoding = 4; lastKnownFileType = sourcecode.c.objc; path = LTTodoTabBarController.m; sourceTree = "<group>"; };
		B87F5CB91C1558B4002C7EE8 /* LTTodoAllStyleViewController.h */ = {isa = PBXFileReference; fileEncoding = 4; lastKnownFileType = sourcecode.c.h; path = LTTodoAllStyleViewController.h; sourceTree = "<group>"; };
		B87F5CBA1C1558B4002C7EE8 /* LTTodoAllStyleViewController.m */ = {isa = PBXFileReference; fileEncoding = 4; lastKnownFileType = sourcecode.c.objc; path = LTTodoAllStyleViewController.m; sourceTree = "<group>"; };
		B87F5CBC1C1558C5002C7EE8 /* LTTodoCalenderStyleViewController.h */ = {isa = PBXFileReference; fileEncoding = 4; lastKnownFileType = sourcecode.c.h; path = LTTodoCalenderStyleViewController.h; sourceTree = "<group>"; };
		B87F5CBD1C1558C5002C7EE8 /* LTTodoCalenderStyleViewController.m */ = {isa = PBXFileReference; fileEncoding = 4; lastKnownFileType = sourcecode.c.objc; path = LTTodoCalenderStyleViewController.m; sourceTree = "<group>"; };
		B87F5CC01C1558DA002C7EE8 /* LTTodoTypeStyleViewController.h */ = {isa = PBXFileReference; fileEncoding = 4; lastKnownFileType = sourcecode.c.h; path = LTTodoTypeStyleViewController.h; sourceTree = "<group>"; };
		B87F5CC11C1558DA002C7EE8 /* LTTodoTypeStyleViewController.m */ = {isa = PBXFileReference; fileEncoding = 4; lastKnownFileType = sourcecode.c.objc; path = LTTodoTypeStyleViewController.m; sourceTree = "<group>"; };
		B87F5CC41C155AD3002C7EE8 /* LTGroupViewController.h */ = {isa = PBXFileReference; fileEncoding = 4; lastKnownFileType = sourcecode.c.h; path = LTGroupViewController.h; sourceTree = "<group>"; };
		B87F5CC51C155AD3002C7EE8 /* LTGroupViewController.m */ = {isa = PBXFileReference; fileEncoding = 4; lastKnownFileType = sourcecode.c.objc; path = LTGroupViewController.m; sourceTree = "<group>"; };
		B87F5CC81C155B01002C7EE8 /* LTDiscoverViewController.h */ = {isa = PBXFileReference; fileEncoding = 4; lastKnownFileType = sourcecode.c.h; path = LTDiscoverViewController.h; sourceTree = "<group>"; };
		B87F5CC91C155B01002C7EE8 /* LTDiscoverViewController.m */ = {isa = PBXFileReference; fileEncoding = 4; lastKnownFileType = sourcecode.c.objc; path = LTDiscoverViewController.m; sourceTree = "<group>"; };
		B87F5CCC1C155B1C002C7EE8 /* LTMeViewController.h */ = {isa = PBXFileReference; fileEncoding = 4; lastKnownFileType = sourcecode.c.h; path = LTMeViewController.h; sourceTree = "<group>"; };
		B87F5CCD1C155B1C002C7EE8 /* LTMeViewController.m */ = {isa = PBXFileReference; fileEncoding = 4; lastKnownFileType = sourcecode.c.objc; path = LTMeViewController.m; sourceTree = "<group>"; };
		B87F5CD01C156DFE002C7EE8 /* DWBubbleMenuButton.h */ = {isa = PBXFileReference; fileEncoding = 4; lastKnownFileType = sourcecode.c.h; path = DWBubbleMenuButton.h; sourceTree = "<group>"; };
		B87F5CD11C156DFE002C7EE8 /* DWBubbleMenuButton.m */ = {isa = PBXFileReference; fileEncoding = 4; lastKnownFileType = sourcecode.c.objc; path = DWBubbleMenuButton.m; sourceTree = "<group>"; };
		B8802FFC1C114D9300F604BD /* LTLogInService.h */ = {isa = PBXFileReference; fileEncoding = 4; lastKnownFileType = sourcecode.c.h; path = LTLogInService.h; sourceTree = "<group>"; };
		B8802FFD1C114D9300F604BD /* LTLogInService.m */ = {isa = PBXFileReference; fileEncoding = 4; lastKnownFileType = sourcecode.c.objc; path = LTLogInService.m; sourceTree = "<group>"; };
		B89770871C11933400EDC7B5 /* SignUpViewController.h */ = {isa = PBXFileReference; fileEncoding = 4; lastKnownFileType = sourcecode.c.h; path = SignUpViewController.h; sourceTree = "<group>"; };
		B89770881C11933400EDC7B5 /* SignUpViewController.m */ = {isa = PBXFileReference; fileEncoding = 4; lastKnownFileType = sourcecode.c.objc; path = SignUpViewController.m; sourceTree = "<group>"; };
		B897708B1C11938300EDC7B5 /* LTSignUpService.h */ = {isa = PBXFileReference; fileEncoding = 4; lastKnownFileType = sourcecode.c.h; path = LTSignUpService.h; sourceTree = "<group>"; };
		B897708C1C11938300EDC7B5 /* LTSignUpService.m */ = {isa = PBXFileReference; fileEncoding = 4; lastKnownFileType = sourcecode.c.objc; path = LTSignUpService.m; sourceTree = "<group>"; };
		B8A5CA891C1531C500F94D54 /* LTMainTabBarController.h */ = {isa = PBXFileReference; fileEncoding = 4; lastKnownFileType = sourcecode.c.h; path = LTMainTabBarController.h; sourceTree = "<group>"; };
		B8A5CA8A1C1531C500F94D54 /* LTMainTabBarController.m */ = {isa = PBXFileReference; fileEncoding = 4; lastKnownFileType = sourcecode.c.objc; path = LTMainTabBarController.m; sourceTree = "<group>"; };
		B8C4E3FE1C15841E00536D57 /* JTCalendar.h */ = {isa = PBXFileReference; fileEncoding = 4; lastKnownFileType = sourcecode.c.h; path = JTCalendar.h; sourceTree = "<group>"; };
		B8C4E3FF1C15841E00536D57 /* JTCalendar.m */ = {isa = PBXFileReference; fileEncoding = 4; lastKnownFileType = sourcecode.c.objc; path = JTCalendar.m; sourceTree = "<group>"; };
		B8C4E4001C15841E00536D57 /* JTCalendarAppearance.h */ = {isa = PBXFileReference; fileEncoding = 4; lastKnownFileType = sourcecode.c.h; path = JTCalendarAppearance.h; sourceTree = "<group>"; };
		B8C4E4011C15841E00536D57 /* JTCalendarAppearance.m */ = {isa = PBXFileReference; fileEncoding = 4; lastKnownFileType = sourcecode.c.objc; path = JTCalendarAppearance.m; sourceTree = "<group>"; };
		B8C4E4021C15841E00536D57 /* JTCalendarContentView.h */ = {isa = PBXFileReference; fileEncoding = 4; lastKnownFileType = sourcecode.c.h; path = JTCalendarContentView.h; sourceTree = "<group>"; };
		B8C4E4031C15841E00536D57 /* JTCalendarContentView.m */ = {isa = PBXFileReference; fileEncoding = 4; lastKnownFileType = sourcecode.c.objc; path = JTCalendarContentView.m; sourceTree = "<group>"; };
		B8C4E4041C15841E00536D57 /* JTCalendarDataCache.h */ = {isa = PBXFileReference; fileEncoding = 4; lastKnownFileType = sourcecode.c.h; path = JTCalendarDataCache.h; sourceTree = "<group>"; };
		B8C4E4051C15841E00536D57 /* JTCalendarDataCache.m */ = {isa = PBXFileReference; fileEncoding = 4; lastKnownFileType = sourcecode.c.objc; path = JTCalendarDataCache.m; sourceTree = "<group>"; };
		B8C4E4061C15841E00536D57 /* JTCalendarDayView.h */ = {isa = PBXFileReference; fileEncoding = 4; lastKnownFileType = sourcecode.c.h; path = JTCalendarDayView.h; sourceTree = "<group>"; };
		B8C4E4071C15841E00536D57 /* JTCalendarDayView.m */ = {isa = PBXFileReference; fileEncoding = 4; lastKnownFileType = sourcecode.c.objc; path = JTCalendarDayView.m; sourceTree = "<group>"; };
		B8C4E4081C15841E00536D57 /* JTCalendarMenuMonthView.h */ = {isa = PBXFileReference; fileEncoding = 4; lastKnownFileType = sourcecode.c.h; path = JTCalendarMenuMonthView.h; sourceTree = "<group>"; };
		B8C4E4091C15841E00536D57 /* JTCalendarMenuMonthView.m */ = {isa = PBXFileReference; fileEncoding = 4; lastKnownFileType = sourcecode.c.objc; path = JTCalendarMenuMonthView.m; sourceTree = "<group>"; };
		B8C4E40A1C15841E00536D57 /* JTCalendarMenuView.h */ = {isa = PBXFileReference; fileEncoding = 4; lastKnownFileType = sourcecode.c.h; path = JTCalendarMenuView.h; sourceTree = "<group>"; };
		B8C4E40B1C15841E00536D57 /* JTCalendarMenuView.m */ = {isa = PBXFileReference; fileEncoding = 4; lastKnownFileType = sourcecode.c.objc; path = JTCalendarMenuView.m; sourceTree = "<group>"; };
		B8C4E40C1C15841E00536D57 /* JTCalendarMonthView.h */ = {isa = PBXFileReference; fileEncoding = 4; lastKnownFileType = sourcecode.c.h; path = JTCalendarMonthView.h; sourceTree = "<group>"; };
		B8C4E40D1C15841E00536D57 /* JTCalendarMonthView.m */ = {isa = PBXFileReference; fileEncoding = 4; lastKnownFileType = sourcecode.c.objc; path = JTCalendarMonthView.m; sourceTree = "<group>"; };
		B8C4E40E1C15841E00536D57 /* JTCalendarMonthWeekDaysView.h */ = {isa = PBXFileReference; fileEncoding = 4; lastKnownFileType = sourcecode.c.h; path = JTCalendarMonthWeekDaysView.h; sourceTree = "<group>"; };
		B8C4E40F1C15841E00536D57 /* JTCalendarMonthWeekDaysView.m */ = {isa = PBXFileReference; fileEncoding = 4; lastKnownFileType = sourcecode.c.objc; path = JTCalendarMonthWeekDaysView.m; sourceTree = "<group>"; };
		B8C4E4101C15841E00536D57 /* JTCalendarViewDataSource.h */ = {isa = PBXFileReference; fileEncoding = 4; lastKnownFileType = sourcecode.c.h; path = JTCalendarViewDataSource.h; sourceTree = "<group>"; };
		B8C4E4111C15841E00536D57 /* JTCalendarWeekView.h */ = {isa = PBXFileReference; fileEncoding = 4; lastKnownFileType = sourcecode.c.h; path = JTCalendarWeekView.h; sourceTree = "<group>"; };
		B8C4E4121C15841E00536D57 /* JTCalendarWeekView.m */ = {isa = PBXFileReference; fileEncoding = 4; lastKnownFileType = sourcecode.c.objc; path = JTCalendarWeekView.m; sourceTree = "<group>"; };
		B8C4E4131C15841E00536D57 /* JTCircleView.h */ = {isa = PBXFileReference; fileEncoding = 4; lastKnownFileType = sourcecode.c.h; path = JTCircleView.h; sourceTree = "<group>"; };
		B8C4E4141C15841E00536D57 /* JTCircleView.m */ = {isa = PBXFileReference; fileEncoding = 4; lastKnownFileType = sourcecode.c.objc; path = JTCircleView.m; sourceTree = "<group>"; };
		B8C4E4211C15859500536D57 /* ScheduleFootCell.h */ = {isa = PBXFileReference; fileEncoding = 4; lastKnownFileType = sourcecode.c.h; path = ScheduleFootCell.h; sourceTree = "<group>"; };
		B8C4E4221C15859500536D57 /* ScheduleFootCell.m */ = {isa = PBXFileReference; fileEncoding = 4; lastKnownFileType = sourcecode.c.objc; path = ScheduleFootCell.m; sourceTree = "<group>"; };
		B8C4E4231C15859500536D57 /* ScheduleHeadCell.h */ = {isa = PBXFileReference; fileEncoding = 4; lastKnownFileType = sourcecode.c.h; path = ScheduleHeadCell.h; sourceTree = "<group>"; };
		B8C4E4241C15859500536D57 /* ScheduleHeadCell.m */ = {isa = PBXFileReference; fileEncoding = 4; lastKnownFileType = sourcecode.c.objc; path = ScheduleHeadCell.m; sourceTree = "<group>"; };
		B8C4E4271C15860800536D57 /* ScheduleCell.h */ = {isa = PBXFileReference; fileEncoding = 4; lastKnownFileType = sourcecode.c.h; path = ScheduleCell.h; sourceTree = "<group>"; };
		B8C4E4281C15860800536D57 /* ScheduleCell.m */ = {isa = PBXFileReference; fileEncoding = 4; lastKnownFileType = sourcecode.c.objc; path = ScheduleCell.m; sourceTree = "<group>"; };
		B8C4E42C1C158BF800536D57 /* LKAlarmEvent.h */ = {isa = PBXFileReference; fileEncoding = 4; lastKnownFileType = sourcecode.c.h; path = LKAlarmEvent.h; sourceTree = "<group>"; };
		B8C4E42D1C158BF800536D57 /* LKAlarmEvent.m */ = {isa = PBXFileReference; fileEncoding = 4; lastKnownFileType = sourcecode.c.objc; path = LKAlarmEvent.m; sourceTree = "<group>"; };
		B8C4E42E1C158BF800536D57 /* LKAlarmMamager.h */ = {isa = PBXFileReference; fileEncoding = 4; lastKnownFileType = sourcecode.c.h; path = LKAlarmMamager.h; sourceTree = "<group>"; };
		B8C4E42F1C158BF800536D57 /* LKAlarmMamager.m */ = {isa = PBXFileReference; fileEncoding = 4; lastKnownFileType = sourcecode.c.objc; path = LKAlarmMamager.m; sourceTree = "<group>"; };
		B8C4E4311C158BF800536D57 /* LKDB+Mapping.h */ = {isa = PBXFileReference; fileEncoding = 4; lastKnownFileType = sourcecode.c.h; path = "LKDB+Mapping.h"; sourceTree = "<group>"; };
		B8C4E4321C158BF800536D57 /* LKDB+Mapping.m */ = {isa = PBXFileReference; fileEncoding = 4; lastKnownFileType = sourcecode.c.objc; path = "LKDB+Mapping.m"; sourceTree = "<group>"; };
		B8C4E4331C158BF800536D57 /* LKDBHelper.h */ = {isa = PBXFileReference; fileEncoding = 4; lastKnownFileType = sourcecode.c.h; path = LKDBHelper.h; sourceTree = "<group>"; };
		B8C4E4341C158BF800536D57 /* LKDBHelper.m */ = {isa = PBXFileReference; fileEncoding = 4; lastKnownFileType = sourcecode.c.objc; path = LKDBHelper.m; sourceTree = "<group>"; };
		B8C4E4351C158BF800536D57 /* LKDBUtils.h */ = {isa = PBXFileReference; fileEncoding = 4; lastKnownFileType = sourcecode.c.h; path = LKDBUtils.h; sourceTree = "<group>"; };
		B8C4E4361C158BF800536D57 /* LKDBUtils.m */ = {isa = PBXFileReference; fileEncoding = 4; lastKnownFileType = sourcecode.c.objc; path = LKDBUtils.m; sourceTree = "<group>"; };
		B8C4E4371C158BF800536D57 /* NSObject+LKDBHelper.h */ = {isa = PBXFileReference; fileEncoding = 4; lastKnownFileType = sourcecode.c.h; path = "NSObject+LKDBHelper.h"; sourceTree = "<group>"; };
		B8C4E4381C158BF800536D57 /* NSObject+LKDBHelper.m */ = {isa = PBXFileReference; fileEncoding = 4; lastKnownFileType = sourcecode.c.objc; path = "NSObject+LKDBHelper.m"; sourceTree = "<group>"; };
		B8C4E4391C158BF800536D57 /* NSObject+LKModel.h */ = {isa = PBXFileReference; fileEncoding = 4; lastKnownFileType = sourcecode.c.h; path = "NSObject+LKModel.h"; sourceTree = "<group>"; };
		B8C4E43A1C158BF800536D57 /* NSObject+LKModel.m */ = {isa = PBXFileReference; fileEncoding = 4; lastKnownFileType = sourcecode.c.objc; path = "NSObject+LKModel.m"; sourceTree = "<group>"; };
		B8C4E4431C15A2A100536D57 /* XHPopMenu.h */ = {isa = PBXFileReference; fileEncoding = 4; lastKnownFileType = sourcecode.c.h; path = XHPopMenu.h; sourceTree = "<group>"; };
		B8C4E4441C15A2A100536D57 /* XHPopMenu.m */ = {isa = PBXFileReference; fileEncoding = 4; lastKnownFileType = sourcecode.c.objc; path = XHPopMenu.m; sourceTree = "<group>"; };
		B8C4E4451C15A2A100536D57 /* XHPopMenuItem.h */ = {isa = PBXFileReference; fileEncoding = 4; lastKnownFileType = sourcecode.c.h; path = XHPopMenuItem.h; sourceTree = "<group>"; };
		B8C4E4461C15A2A100536D57 /* XHPopMenuItem.m */ = {isa = PBXFileReference; fileEncoding = 4; lastKnownFileType = sourcecode.c.objc; path = XHPopMenuItem.m; sourceTree = "<group>"; };
		B8C4E4471C15A2A100536D57 /* XHPopMenuItemView.h */ = {isa = PBXFileReference; fileEncoding = 4; lastKnownFileType = sourcecode.c.h; path = XHPopMenuItemView.h; sourceTree = "<group>"; };
		B8C4E4481C15A2A100536D57 /* XHPopMenuItemView.m */ = {isa = PBXFileReference; fileEncoding = 4; lastKnownFileType = sourcecode.c.objc; path = XHPopMenuItemView.m; sourceTree = "<group>"; };
		CC415E9156B90791E2AF3339 /* Pods.debug.xcconfig */ = {isa = PBXFileReference; includeInIndex = 1; lastKnownFileType = text.xcconfig; name = Pods.debug.xcconfig; path = "Pods/Target Support Files/Pods/Pods.debug.xcconfig"; sourceTree = "<group>"; };
/* End PBXFileReference section */

/* Begin PBXFrameworksBuildPhase section */
		B8731D871C101E08007FDE06 /* Frameworks */ = {
			isa = PBXFrameworksBuildPhase;
			buildActionMask = 2147483647;
			files = (
				54139C50F4F6851606260702 /* Pods.framework in Frameworks */,
			);
			runOnlyForDeploymentPostprocessing = 0;
		};
/* End PBXFrameworksBuildPhase section */

/* Begin PBXGroup section */
		2E580F8608D3B806AF18B7E3 /* Frameworks */ = {
			isa = PBXGroup;
			children = (
				A55578DBB8A3395A0A274297 /* Pods.framework */,
			);
			name = Frameworks;
			sourceTree = "<group>";
		};
		6ECC8039BC321BF8653C7731 /* Pods */ = {
			isa = PBXGroup;
			children = (
				CC415E9156B90791E2AF3339 /* Pods.debug.xcconfig */,
				8DEAB77422DEF8810F77280D /* Pods.release.xcconfig */,
			);
			name = Pods;
			sourceTree = "<group>";
		};
		B83DA9AD1C1042AC00E66714 /* LogIn */ = {
			isa = PBXGroup;
			children = (
				B8802FFB1C114D6700F604BD /* Service */,
				B83DA9AF1C1042CA00E66714 /* LogInViewController.h */,
				B83DA9B01C1042CA00E66714 /* LogInViewController.m */,
			);
			path = LogIn;
			sourceTree = "<group>";
		};
		B83DA9AE1C1042BD00E66714 /* SignUp */ = {
			isa = PBXGroup;
			children = (
				B897708A1C11936100EDC7B5 /* Service */,
				B89770871C11933400EDC7B5 /* SignUpViewController.h */,
				B89770881C11933400EDC7B5 /* SignUpViewController.m */,
			);
			path = SignUp;
			sourceTree = "<group>";
		};
		B8731D811C101E08007FDE06 = {
			isa = PBXGroup;
			children = (
				B8A5CA881C15319700F94D54 /* Main */,
				B8731DAA1C102799007FDE06 /* Util */,
				B8731D8C1C101E08007FDE06 /* OhShock */,
				B8731D8B1C101E08007FDE06 /* Products */,
				6ECC8039BC321BF8653C7731 /* Pods */,
				2E580F8608D3B806AF18B7E3 /* Frameworks */,
			);
			sourceTree = "<group>";
		};
		B8731D8B1C101E08007FDE06 /* Products */ = {
			isa = PBXGroup;
			children = (
				B8731D8A1C101E08007FDE06 /* OhShock.app */,
			);
			name = Products;
			sourceTree = "<group>";
		};
		B8731D8C1C101E08007FDE06 /* OhShock */ = {
			isa = PBXGroup;
			children = (
				B8731D901C101E08007FDE06 /* AppDelegate.h */,
				B8731D911C101E08007FDE06 /* AppDelegate.m */,
				B8731D991C101E08007FDE06 /* Assets.xcassets */,
				B8731D9B1C101E08007FDE06 /* LaunchScreen.storyboard */,
				B8731D9E1C101E08007FDE06 /* Info.plist */,
				B8731DB41C102BFE007FDE06 /* Intro */,
				B83DA9AD1C1042AC00E66714 /* LogIn */,
				B83DA9AE1C1042BD00E66714 /* SignUp */,
				B8731D8D1C101E08007FDE06 /* Supporting Files */,
			);
			path = OhShock;
			sourceTree = "<group>";
		};
		B8731D8D1C101E08007FDE06 /* Supporting Files */ = {
			isa = PBXGroup;
			children = (
				B8731DB21C10293D007FDE06 /* OhShockPrefix.pch */,
				B8731D8E1C101E08007FDE06 /* main.m */,
			);
			name = "Supporting Files";
			sourceTree = "<group>";
		};
		B8731DAA1C102799007FDE06 /* Util */ = {
			isa = PBXGroup;
			children = (
				B8731DAF1C1028B9007FDE06 /* UIImage+Common.h */,
				B8731DB01C1028B9007FDE06 /* UIImage+Common.m */,
				B8731DAB1C1027A5007FDE06 /* UIColor+expanded.h */,
				B8731DAC1C1027A5007FDE06 /* UIColor+expanded.m */,
				B83DA9AA1C10364B00E66714 /* UIView+Layout.h */,
				B83DA9AB1C10364B00E66714 /* UIView+Layout.m */,
			);
			name = Util;
			path = OhShock/Util;
			sourceTree = "<group>";
		};
		B8731DB41C102BFE007FDE06 /* Intro */ = {
			isa = PBXGroup;
			children = (
				B83DA9A11C102F6300E66714 /* IFTTTCircleView.h */,
				B83DA9A21C102F6300E66714 /* IFTTTCircleView.m */,
				B83DA9A31C102F6300E66714 /* IFTTTJazzHandsViewController.h */,
				B83DA9A41C102F6300E66714 /* IFTTTJazzHandsViewController.m */,
				B83DA9A71C10340500E66714 /* IntroductionViewController.h */,
				B83DA9A81C10340500E66714 /* IntroductionViewController.m */,
			);
			path = Intro;
			sourceTree = "<group>";
		};
		B87F5CC31C155AA4002C7EE8 /* Group */ = {
			isa = PBXGroup;
			children = (
				B87F5CC41C155AD3002C7EE8 /* LTGroupViewController.h */,
				B87F5CC51C155AD3002C7EE8 /* LTGroupViewController.m */,
			);
			path = Group;
			sourceTree = "<group>";
		};
		B87F5CC71C155AE8002C7EE8 /* Discover */ = {
			isa = PBXGroup;
			children = (
				B87F5CC81C155B01002C7EE8 /* LTDiscoverViewController.h */,
				B87F5CC91C155B01002C7EE8 /* LTDiscoverViewController.m */,
			);
			path = Discover;
			sourceTree = "<group>";
		};
		B87F5CCB1C155B0E002C7EE8 /* Me */ = {
			isa = PBXGroup;
			children = (
				B87F5CCC1C155B1C002C7EE8 /* LTMeViewController.h */,
				B87F5CCD1C155B1C002C7EE8 /* LTMeViewController.m */,
			);
			path = Me;
			sourceTree = "<group>";
		};
		B87F5CCF1C156DFE002C7EE8 /* DWBubbleMenuButton */ = {
			isa = PBXGroup;
			children = (
				B87F5CD01C156DFE002C7EE8 /* DWBubbleMenuButton.h */,
				B87F5CD11C156DFE002C7EE8 /* DWBubbleMenuButton.m */,
			);
			path = DWBubbleMenuButton;
			sourceTree = "<group>";
		};
		B8802FFB1C114D6700F604BD /* Service */ = {
			isa = PBXGroup;
			children = (
				B8802FFC1C114D9300F604BD /* LTLogInService.h */,
				B8802FFD1C114D9300F604BD /* LTLogInService.m */,
			);
			name = Service;
			sourceTree = "<group>";
		};
		B897708A1C11936100EDC7B5 /* Service */ = {
			isa = PBXGroup;
			children = (
				B897708B1C11938300EDC7B5 /* LTSignUpService.h */,
				B897708C1C11938300EDC7B5 /* LTSignUpService.m */,
			);
			path = Service;
			sourceTree = "<group>";
		};
		B8A5CA881C15319700F94D54 /* Main */ = {
			isa = PBXGroup;
			children = (
				B8A5CA891C1531C500F94D54 /* LTMainTabBarController.h */,
				B8A5CA8A1C1531C500F94D54 /* LTMainTabBarController.m */,
				B8A5CA8E1C15340600F94D54 /* ToDo */,
				B87F5CC31C155AA4002C7EE8 /* Group */,
				B87F5CC71C155AE8002C7EE8 /* Discover */,
				B87F5CCB1C155B0E002C7EE8 /* Me */,
			);
			name = Main;
			path = OhShock/Main;
			sourceTree = "<group>";
		};
		B8A5CA8E1C15340600F94D54 /* ToDo */ = {
			isa = PBXGroup;
			children = (
				B87F5CB61C155106002C7EE8 /* LTTodoTabBarController.h */,
				B87F5CB71C155106002C7EE8 /* LTTodoTabBarController.m */,
				B87F5CB91C1558B4002C7EE8 /* LTTodoAllStyleViewController.h */,
				B87F5CBA1C1558B4002C7EE8 /* LTTodoAllStyleViewController.m */,
				B87F5CBC1C1558C5002C7EE8 /* LTTodoCalenderStyleViewController.h */,
				B87F5CBD1C1558C5002C7EE8 /* LTTodoCalenderStyleViewController.m */,
				B87F5CC01C1558DA002C7EE8 /* LTTodoTypeStyleViewController.h */,
				B87F5CC11C1558DA002C7EE8 /* LTTodoTypeStyleViewController.m */,
				B8C4E4421C15A2A100536D57 /* XHPopMenu */,
				B8C4E4201C15858B00536D57 /* Cell */,
				B8C4E3FD1C15841E00536D57 /* JTCalender */,
				B87F5CCF1C156DFE002C7EE8 /* DWBubbleMenuButton */,
			);
			path = ToDo;
			sourceTree = "<group>";
		};
		B8C4E3FD1C15841E00536D57 /* JTCalender */ = {
			isa = PBXGroup;
			children = (
				B8C4E3FE1C15841E00536D57 /* JTCalendar.h */,
				B8C4E3FF1C15841E00536D57 /* JTCalendar.m */,
				B8C4E4001C15841E00536D57 /* JTCalendarAppearance.h */,
				B8C4E4011C15841E00536D57 /* JTCalendarAppearance.m */,
				B8C4E4021C15841E00536D57 /* JTCalendarContentView.h */,
				B8C4E4031C15841E00536D57 /* JTCalendarContentView.m */,
				B8C4E4041C15841E00536D57 /* JTCalendarDataCache.h */,
				B8C4E4051C15841E00536D57 /* JTCalendarDataCache.m */,
				B8C4E4061C15841E00536D57 /* JTCalendarDayView.h */,
				B8C4E4071C15841E00536D57 /* JTCalendarDayView.m */,
				B8C4E4081C15841E00536D57 /* JTCalendarMenuMonthView.h */,
				B8C4E4091C15841E00536D57 /* JTCalendarMenuMonthView.m */,
				B8C4E40A1C15841E00536D57 /* JTCalendarMenuView.h */,
				B8C4E40B1C15841E00536D57 /* JTCalendarMenuView.m */,
				B8C4E40C1C15841E00536D57 /* JTCalendarMonthView.h */,
				B8C4E40D1C15841E00536D57 /* JTCalendarMonthView.m */,
				B8C4E40E1C15841E00536D57 /* JTCalendarMonthWeekDaysView.h */,
				B8C4E40F1C15841E00536D57 /* JTCalendarMonthWeekDaysView.m */,
				B8C4E4101C15841E00536D57 /* JTCalendarViewDataSource.h */,
				B8C4E4111C15841E00536D57 /* JTCalendarWeekView.h */,
				B8C4E4121C15841E00536D57 /* JTCalendarWeekView.m */,
				B8C4E4131C15841E00536D57 /* JTCircleView.h */,
				B8C4E4141C15841E00536D57 /* JTCircleView.m */,
			);
			path = JTCalender;
			sourceTree = "<group>";
		};
		B8C4E4201C15858B00536D57 /* Cell */ = {
			isa = PBXGroup;
			children = (
				B8C4E4271C15860800536D57 /* ScheduleCell.h */,
				B8C4E4281C15860800536D57 /* ScheduleCell.m */,
				B8C4E4211C15859500536D57 /* ScheduleFootCell.h */,
				B8C4E4221C15859500536D57 /* ScheduleFootCell.m */,
				B8C4E4231C15859500536D57 /* ScheduleHeadCell.h */,
				B8C4E4241C15859500536D57 /* ScheduleHeadCell.m */,
				B8C4E42A1C158BF800536D57 /* LKAlarmManager */,
				B8C4E4301C158BF800536D57 /* LKDBHelper */,
			);
			path = Cell;
			sourceTree = "<group>";
		};
		B8C4E42A1C158BF800536D57 /* LKAlarmManager */ = {
			isa = PBXGroup;
			children = (
				B8C4E42B1C158BF800536D57 /* LKAlarmManager */,
			);
			path = LKAlarmManager;
			sourceTree = "<group>";
		};
		B8C4E42B1C158BF800536D57 /* LKAlarmManager */ = {
			isa = PBXGroup;
			children = (
				B8C4E42C1C158BF800536D57 /* LKAlarmEvent.h */,
				B8C4E42D1C158BF800536D57 /* LKAlarmEvent.m */,
				B8C4E42E1C158BF800536D57 /* LKAlarmMamager.h */,
				B8C4E42F1C158BF800536D57 /* LKAlarmMamager.m */,
			);
			path = LKAlarmManager;
			sourceTree = "<group>";
		};
		B8C4E4301C158BF800536D57 /* LKDBHelper */ = {
			isa = PBXGroup;
			children = (
				B8C4E4311C158BF800536D57 /* LKDB+Mapping.h */,
				B8C4E4321C158BF800536D57 /* LKDB+Mapping.m */,
				B8C4E4331C158BF800536D57 /* LKDBHelper.h */,
				B8C4E4341C158BF800536D57 /* LKDBHelper.m */,
				B8C4E4351C158BF800536D57 /* LKDBUtils.h */,
				B8C4E4361C158BF800536D57 /* LKDBUtils.m */,
				B8C4E4371C158BF800536D57 /* NSObject+LKDBHelper.h */,
				B8C4E4381C158BF800536D57 /* NSObject+LKDBHelper.m */,
				B8C4E4391C158BF800536D57 /* NSObject+LKModel.h */,
				B8C4E43A1C158BF800536D57 /* NSObject+LKModel.m */,
			);
			path = LKDBHelper;
			sourceTree = "<group>";
		};
		B8C4E4421C15A2A100536D57 /* XHPopMenu */ = {
			isa = PBXGroup;
			children = (
				B8C4E4431C15A2A100536D57 /* XHPopMenu.h */,
				B8C4E4441C15A2A100536D57 /* XHPopMenu.m */,
				B8C4E4451C15A2A100536D57 /* XHPopMenuItem.h */,
				B8C4E4461C15A2A100536D57 /* XHPopMenuItem.m */,
				B8C4E4471C15A2A100536D57 /* XHPopMenuItemView.h */,
				B8C4E4481C15A2A100536D57 /* XHPopMenuItemView.m */,
			);
			path = XHPopMenu;
			sourceTree = "<group>";
		};
/* End PBXGroup section */

/* Begin PBXNativeTarget section */
		B8731D891C101E08007FDE06 /* OhShock */ = {
			isa = PBXNativeTarget;
			buildConfigurationList = B8731DA11C101E08007FDE06 /* Build configuration list for PBXNativeTarget "OhShock" */;
			buildPhases = (
				BAE98176FED2D47A64188699 /* Check Pods Manifest.lock */,
				B8731D861C101E08007FDE06 /* Sources */,
				B8731D871C101E08007FDE06 /* Frameworks */,
				B8731D881C101E08007FDE06 /* Resources */,
				E5DC8CAEFA76DC5AF0966A11 /* Embed Pods Frameworks */,
				C06E0ED2437FE1B9F503FA16 /* Copy Pods Resources */,
			);
			buildRules = (
			);
			dependencies = (
			);
			name = OhShock;
			productName = OhShock;
			productReference = B8731D8A1C101E08007FDE06 /* OhShock.app */;
			productType = "com.apple.product-type.application";
		};
/* End PBXNativeTarget section */

/* Begin PBXProject section */
		B8731D821C101E08007FDE06 /* Project object */ = {
			isa = PBXProject;
			attributes = {
				LastUpgradeCheck = 0710;
				ORGANIZATIONNAME = "Lintao Yu";
				TargetAttributes = {
					B8731D891C101E08007FDE06 = {
						CreatedOnToolsVersion = 7.1.1;
						DevelopmentTeam = 2NCX2WCTH8;
					};
				};
			};
			buildConfigurationList = B8731D851C101E08007FDE06 /* Build configuration list for PBXProject "OhShock" */;
			compatibilityVersion = "Xcode 3.2";
			developmentRegion = English;
			hasScannedForEncodings = 0;
			knownRegions = (
				en,
				Base,
			);
			mainGroup = B8731D811C101E08007FDE06;
			productRefGroup = B8731D8B1C101E08007FDE06 /* Products */;
			projectDirPath = "";
			projectRoot = "";
			targets = (
				B8731D891C101E08007FDE06 /* OhShock */,
			);
		};
/* End PBXProject section */

/* Begin PBXResourcesBuildPhase section */
		B8731D881C101E08007FDE06 /* Resources */ = {
			isa = PBXResourcesBuildPhase;
			buildActionMask = 2147483647;
			files = (
				B8731D9D1C101E08007FDE06 /* LaunchScreen.storyboard in Resources */,
				B8731D9A1C101E08007FDE06 /* Assets.xcassets in Resources */,
			);
			runOnlyForDeploymentPostprocessing = 0;
		};
/* End PBXResourcesBuildPhase section */

/* Begin PBXShellScriptBuildPhase section */
		BAE98176FED2D47A64188699 /* Check Pods Manifest.lock */ = {
			isa = PBXShellScriptBuildPhase;
			buildActionMask = 2147483647;
			files = (
			);
			inputPaths = (
			);
			name = "Check Pods Manifest.lock";
			outputPaths = (
			);
			runOnlyForDeploymentPostprocessing = 0;
			shellPath = /bin/sh;
			shellScript = "diff \"${PODS_ROOT}/../Podfile.lock\" \"${PODS_ROOT}/Manifest.lock\" > /dev/null\nif [[ $? != 0 ]] ; then\n    cat << EOM\nerror: The sandbox is not in sync with the Podfile.lock. Run 'pod install' or update your CocoaPods installation.\nEOM\n    exit 1\nfi\n";
			showEnvVarsInLog = 0;
		};
		C06E0ED2437FE1B9F503FA16 /* Copy Pods Resources */ = {
			isa = PBXShellScriptBuildPhase;
			buildActionMask = 2147483647;
			files = (
			);
			inputPaths = (
			);
			name = "Copy Pods Resources";
			outputPaths = (
			);
			runOnlyForDeploymentPostprocessing = 0;
			shellPath = /bin/sh;
			shellScript = "\"${SRCROOT}/Pods/Target Support Files/Pods/Pods-resources.sh\"\n";
			showEnvVarsInLog = 0;
		};
		E5DC8CAEFA76DC5AF0966A11 /* Embed Pods Frameworks */ = {
			isa = PBXShellScriptBuildPhase;
			buildActionMask = 2147483647;
			files = (
			);
			inputPaths = (
			);
			name = "Embed Pods Frameworks";
			outputPaths = (
			);
			runOnlyForDeploymentPostprocessing = 0;
			shellPath = /bin/sh;
			shellScript = "\"${SRCROOT}/Pods/Target Support Files/Pods/Pods-frameworks.sh\"\n";
			showEnvVarsInLog = 0;
		};
/* End PBXShellScriptBuildPhase section */

/* Begin PBXSourcesBuildPhase section */
		B8731D861C101E08007FDE06 /* Sources */ = {
			isa = PBXSourcesBuildPhase;
			buildActionMask = 2147483647;
			files = (
				B8C4E4491C15A2A100536D57 /* XHPopMenu.m in Sources */,
				B8C4E43E1C158BF800536D57 /* LKDBHelper.m in Sources */,
				B8C4E4171C15841E00536D57 /* JTCalendarContentView.m in Sources */,
				B8A5CA8B1C1531C500F94D54 /* LTMainTabBarController.m in Sources */,
				B8731DB11C1028B9007FDE06 /* UIImage+Common.m in Sources */,
				B8C4E43D1C158BF800536D57 /* LKDB+Mapping.m in Sources */,
				B87F5CBE1C1558C5002C7EE8 /* LTTodoCalenderStyleViewController.m in Sources */,
				B87F5CB81C155106002C7EE8 /* LTTodoTabBarController.m in Sources */,
				B83DA9A61C102F6300E66714 /* IFTTTJazzHandsViewController.m in Sources */,
				B8C4E44A1C15A2A100536D57 /* XHPopMenuItem.m in Sources */,
				B8731D921C101E08007FDE06 /* AppDelegate.m in Sources */,
				B8C4E41B1C15841E00536D57 /* JTCalendarMenuView.m in Sources */,
				B8C4E4291C15860800536D57 /* ScheduleCell.m in Sources */,
				B87F5CC61C155AD3002C7EE8 /* LTGroupViewController.m in Sources */,
				B8C4E4411C158BF800536D57 /* NSObject+LKModel.m in Sources */,
				B897708D1C11938300EDC7B5 /* LTSignUpService.m in Sources */,
				B8C4E4261C15859500536D57 /* ScheduleHeadCell.m in Sources */,
				B8C4E4181C15841E00536D57 /* JTCalendarDataCache.m in Sources */,
				B8802FFE1C114D9300F604BD /* LTLogInService.m in Sources */,
				B8C4E4251C15859500536D57 /* ScheduleFootCell.m in Sources */,
				B8731D8F1C101E08007FDE06 /* main.m in Sources */,
				B83DA9AC1C10364B00E66714 /* UIView+Layout.m in Sources */,
				B83DA9B11C1042CA00E66714 /* LogInViewController.m in Sources */,
				B8C4E43F1C158BF800536D57 /* LKDBUtils.m in Sources */,
				B87F5CBB1C1558B4002C7EE8 /* LTTodoAllStyleViewController.m in Sources */,
				B8C4E41C1C15841E00536D57 /* JTCalendarMonthView.m in Sources */,
				B8C4E41E1C15841E00536D57 /* JTCalendarWeekView.m in Sources */,
				B87F5CD21C156DFE002C7EE8 /* DWBubbleMenuButton.m in Sources */,
				B83DA9A51C102F6300E66714 /* IFTTTCircleView.m in Sources */,
				B8C4E43C1C158BF800536D57 /* LKAlarmMamager.m in Sources */,
				B8C4E41F1C15841E00536D57 /* JTCircleView.m in Sources */,
				B8C4E44B1C15A2A100536D57 /* XHPopMenuItemView.m in Sources */,
				B87F5CCA1C155B01002C7EE8 /* LTDiscoverViewController.m in Sources */,
				B8731DAD1C1027A5007FDE06 /* UIColor+expanded.m in Sources */,
				B8C4E4161C15841E00536D57 /* JTCalendarAppearance.m in Sources */,
				B8C4E43B1C158BF800536D57 /* LKAlarmEvent.m in Sources */,
				B87F5CCE1C155B1C002C7EE8 /* LTMeViewController.m in Sources */,
				B8C4E41A1C15841E00536D57 /* JTCalendarMenuMonthView.m in Sources */,
				B8C4E41D1C15841E00536D57 /* JTCalendarMonthWeekDaysView.m in Sources */,
				B89770891C11933400EDC7B5 /* SignUpViewController.m in Sources */,
				B87F5CC21C1558DA002C7EE8 /* LTTodoTypeStyleViewController.m in Sources */,
				B83DA9A91C10340500E66714 /* IntroductionViewController.m in Sources */,
				B8C4E4151C15841E00536D57 /* JTCalendar.m in Sources */,
				B8C4E4401C158BF800536D57 /* NSObject+LKDBHelper.m in Sources */,
				B8C4E4191C15841E00536D57 /* JTCalendarDayView.m in Sources */,
			);
			runOnlyForDeploymentPostprocessing = 0;
		};
/* End PBXSourcesBuildPhase section */

/* Begin PBXVariantGroup section */
		B8731D9B1C101E08007FDE06 /* LaunchScreen.storyboard */ = {
			isa = PBXVariantGroup;
			children = (
				B8731D9C1C101E08007FDE06 /* Base */,
			);
			name = LaunchScreen.storyboard;
			sourceTree = "<group>";
		};
/* End PBXVariantGroup section */

/* Begin XCBuildConfiguration section */
		B8731D9F1C101E08007FDE06 /* Debug */ = {
			isa = XCBuildConfiguration;
			buildSettings = {
				ALWAYS_SEARCH_USER_PATHS = NO;
				CLANG_CXX_LANGUAGE_STANDARD = "gnu++0x";
				CLANG_CXX_LIBRARY = "libc++";
				CLANG_ENABLE_MODULES = YES;
				CLANG_ENABLE_OBJC_ARC = YES;
				CLANG_WARN_BOOL_CONVERSION = YES;
				CLANG_WARN_CONSTANT_CONVERSION = YES;
				CLANG_WARN_DIRECT_OBJC_ISA_USAGE = YES_ERROR;
				CLANG_WARN_EMPTY_BODY = YES;
				CLANG_WARN_ENUM_CONVERSION = YES;
				CLANG_WARN_INT_CONVERSION = YES;
				CLANG_WARN_OBJC_ROOT_CLASS = YES_ERROR;
				CLANG_WARN_UNREACHABLE_CODE = YES;
				CLANG_WARN__DUPLICATE_METHOD_MATCH = YES;
				CODE_SIGN_IDENTITY = "iPhone Developer: 3101658310@qq.com (B7QLJKAD5N)";
				"CODE_SIGN_IDENTITY[sdk=iphoneos*]" = "iPhone Developer: 3101658310@qq.com (B7QLJKAD5N)";
				COPY_PHASE_STRIP = NO;
				DEBUG_INFORMATION_FORMAT = dwarf;
				ENABLE_STRICT_OBJC_MSGSEND = YES;
				ENABLE_TESTABILITY = YES;
				GCC_C_LANGUAGE_STANDARD = gnu99;
				GCC_DYNAMIC_NO_PIC = NO;
				GCC_NO_COMMON_BLOCKS = YES;
				GCC_OPTIMIZATION_LEVEL = 0;
				GCC_PREPROCESSOR_DEFINITIONS = (
					"DEBUG=1",
					"$(inherited)",
				);
				GCC_WARN_64_TO_32_BIT_CONVERSION = YES;
				GCC_WARN_ABOUT_RETURN_TYPE = YES_ERROR;
				GCC_WARN_UNDECLARED_SELECTOR = YES;
				GCC_WARN_UNINITIALIZED_AUTOS = YES_AGGRESSIVE;
				GCC_WARN_UNUSED_FUNCTION = YES;
				GCC_WARN_UNUSED_VARIABLE = YES;
				IPHONEOS_DEPLOYMENT_TARGET = 9.1;
				MTL_ENABLE_DEBUG_INFO = YES;
				ONLY_ACTIVE_ARCH = YES;
				PROVISIONING_PROFILE = "6d3d07a6-cacc-4b9d-a4ad-26b21f914fce";
				SDKROOT = iphoneos;
			};
			name = Debug;
		};
		B8731DA01C101E08007FDE06 /* Release */ = {
			isa = XCBuildConfiguration;
			buildSettings = {
				ALWAYS_SEARCH_USER_PATHS = NO;
				CLANG_CXX_LANGUAGE_STANDARD = "gnu++0x";
				CLANG_CXX_LIBRARY = "libc++";
				CLANG_ENABLE_MODULES = YES;
				CLANG_ENABLE_OBJC_ARC = YES;
				CLANG_WARN_BOOL_CONVERSION = YES;
				CLANG_WARN_CONSTANT_CONVERSION = YES;
				CLANG_WARN_DIRECT_OBJC_ISA_USAGE = YES_ERROR;
				CLANG_WARN_EMPTY_BODY = YES;
				CLANG_WARN_ENUM_CONVERSION = YES;
				CLANG_WARN_INT_CONVERSION = YES;
				CLANG_WARN_OBJC_ROOT_CLASS = YES_ERROR;
				CLANG_WARN_UNREACHABLE_CODE = YES;
				CLANG_WARN__DUPLICATE_METHOD_MATCH = YES;
				CODE_SIGN_IDENTITY = "iPhone Developer: 3101658310@qq.com (B7QLJKAD5N)";
				"CODE_SIGN_IDENTITY[sdk=iphoneos*]" = "iPhone Developer: 3101658310@qq.com (B7QLJKAD5N)";
				COPY_PHASE_STRIP = NO;
				DEBUG_INFORMATION_FORMAT = "dwarf-with-dsym";
				ENABLE_NS_ASSERTIONS = NO;
				ENABLE_STRICT_OBJC_MSGSEND = YES;
				GCC_C_LANGUAGE_STANDARD = gnu99;
				GCC_NO_COMMON_BLOCKS = YES;
				GCC_WARN_64_TO_32_BIT_CONVERSION = YES;
				GCC_WARN_ABOUT_RETURN_TYPE = YES_ERROR;
				GCC_WARN_UNDECLARED_SELECTOR = YES;
				GCC_WARN_UNINITIALIZED_AUTOS = YES_AGGRESSIVE;
				GCC_WARN_UNUSED_FUNCTION = YES;
				GCC_WARN_UNUSED_VARIABLE = YES;
				IPHONEOS_DEPLOYMENT_TARGET = 9.1;
				MTL_ENABLE_DEBUG_INFO = NO;
				PROVISIONING_PROFILE = "6d3d07a6-cacc-4b9d-a4ad-26b21f914fce";
				SDKROOT = iphoneos;
				VALIDATE_PRODUCT = YES;
			};
			name = Release;
		};
		B8731DA21C101E08007FDE06 /* Debug */ = {
			isa = XCBuildConfiguration;
			baseConfigurationReference = CC415E9156B90791E2AF3339 /* Pods.debug.xcconfig */;
			buildSettings = {
				ASSETCATALOG_COMPILER_APPICON_NAME = AppIcon;
				CODE_SIGN_IDENTITY = "iPhone Developer: 3101658310@qq.com (B7QLJKAD5N)";
				"CODE_SIGN_IDENTITY[sdk=iphoneos*]" = "iPhone Developer: 3101658310@qq.com (B7QLJKAD5N)";
				GCC_PREFIX_HEADER = OhShock/OhShockPrefix.pch;
				HEADER_SEARCH_PATHS = (
					"$(inherited)",
					"\"${PODS_ROOT}/Headers/Public\"",
					"\"${PODS_ROOT}/Headers/Public/JazzHands\"",
					"$(PODS_ROOT)",
				);
				INFOPLIST_FILE = OhShock/Info.plist;
				LD_RUNPATH_SEARCH_PATHS = "$(inherited) @executable_path/Frameworks";
				PRODUCT_BUNDLE_IDENTIFIER = com.jft0m.OhShock;
				PRODUCT_NAME = "$(TARGET_NAME)";
				PROVISIONING_PROFILE = "6d3d07a6-cacc-4b9d-a4ad-26b21f914fce";
			};
			name = Debug;
		};
		B8731DA31C101E08007FDE06 /* Release */ = {
			isa = XCBuildConfiguration;
			baseConfigurationReference = 8DEAB77422DEF8810F77280D /* Pods.release.xcconfig */;
			buildSettings = {
				ASSETCATALOG_COMPILER_APPICON_NAME = AppIcon;
				CODE_SIGN_IDENTITY = "iPhone Developer: 3101658310@qq.com (B7QLJKAD5N)";
				"CODE_SIGN_IDENTITY[sdk=iphoneos*]" = "iPhone Developer: 3101658310@qq.com (B7QLJKAD5N)";
				GCC_PREFIX_HEADER = OhShock/OhShockPrefix.pch;
				HEADER_SEARCH_PATHS = (
					"$(inherited)",
					"\"${PODS_ROOT}/Headers/Public\"",
					"\"${PODS_ROOT}/Headers/Public/JazzHands\"",
					"$(PODS_ROOT)",
				);
				INFOPLIST_FILE = OhShock/Info.plist;
				LD_RUNPATH_SEARCH_PATHS = "$(inherited) @executable_path/Frameworks";
				PRODUCT_BUNDLE_IDENTIFIER = com.jft0m.OhShock;
				PRODUCT_NAME = "$(TARGET_NAME)";
				PROVISIONING_PROFILE = "6d3d07a6-cacc-4b9d-a4ad-26b21f914fce";
			};
			name = Release;
		};
/* End XCBuildConfiguration section */

/* Begin XCConfigurationList section */
		B8731D851C101E08007FDE06 /* Build configuration list for PBXProject "OhShock" */ = {
			isa = XCConfigurationList;
			buildConfigurations = (
				B8731D9F1C101E08007FDE06 /* Debug */,
				B8731DA01C101E08007FDE06 /* Release */,
			);
			defaultConfigurationIsVisible = 0;
			defaultConfigurationName = Release;
		};
		B8731DA11C101E08007FDE06 /* Build configuration list for PBXNativeTarget "OhShock" */ = {
			isa = XCConfigurationList;
			buildConfigurations = (
				B8731DA21C101E08007FDE06 /* Debug */,
				B8731DA31C101E08007FDE06 /* Release */,
			);
			defaultConfigurationIsVisible = 0;
			defaultConfigurationName = Release;
		};
/* End XCConfigurationList section */
	};
	rootObject = B8731D821C101E08007FDE06 /* Project object */;
}
